{
  "name": "PopMotion",
  "version": "1.0.0",
  "lockfileVersion": 1,
  "requires": true,
  "dependencies": {
    "@popmotion/easing": {
      "version": "1.0.2",
      "resolved": "https://registry.npmjs.org/@popmotion/easing/-/easing-1.0.2.tgz",
      "integrity": "sha512-IkdW0TNmRnWTeWI7aGQIVDbKXPWHVEYdGgd5ZR4SH/Ty/61p63jCjrPxX1XrR7IGkl08bjhJROStD7j+RKgoIw=="
    },
    "@popmotion/popcorn": {
      "version": "0.3.6",
      "resolved": "https://registry.npmjs.org/@popmotion/popcorn/-/popcorn-0.3.6.tgz",
      "integrity": "sha512-B8Hdk4LOjCHTIiUd9KfD+9PgLR2iSe9T/X5G9IAl055KY2iAqodIEtTlO6EBpjP8tQWVfI3C4A/fEf0RqYqPPw==",
      "requires": {
        "@popmotion/easing": "^1.0.1",
        "framesync": "^4.0.1",
        "hey-listen": "^1.0.5",
        "style-value-types": "^3.1.0"
      }
    },
    "@types/estree": {
      "version": "0.0.39",
      "resolved": "https://registry.npmjs.org/@types/estree/-/estree-0.0.39.tgz",
      "integrity": "sha512-EYNwp3bU+98cpU4lAWYYL7Zz+2gryWH1qbdDTidVd6hkiR6weksdbMadyXKXNPEkQFhXM+hVO9ZygomHXp+AIw=="
    },
    "@types/node": {
      "version": "11.13.2",
      "resolved": "https://registry.npmjs.org/@types/node/-/node-11.13.2.tgz",
      "integrity": "sha512-HOtU5KqROKT7qX/itKHuTtt5fV0iXbheQvrgbLNXFJQBY/eh+VS5vmmTAVlo3qIGMsypm0G4N1t2AXjy1ZicaQ=="
    },
    "acorn": {
      "version": "6.1.1",
      "resolved": "https://registry.npmjs.org/acorn/-/acorn-6.1.1.tgz",
      "integrity": "sha512-jPTiwtOxaHNaAPg/dmrJ/beuzLRnXtB0kQPQ8JpotKJgTB6rX6c8mlf315941pyjBSaPg8NHXS9fhP4u17DpGA=="
    },
    "framesync": {
      "version": "4.0.2",
      "resolved": "https://registry.npmjs.org/framesync/-/framesync-4.0.2.tgz",
      "integrity": "sha512-hQLD5NURHmzB4Symo6JJ5HDw2TWwhr6T3gw9aChNMsZvkxcD8U8Gcz/hllAOOMGE+HO3ScpRPahpXDQRgF19JQ==",
      "requires": {
        "hey-listen": "^1.0.5"
      }
    },
    "hey-listen": {
      "version": "1.0.7",
      "resolved": "https://registry.npmjs.org/hey-listen/-/hey-listen-1.0.7.tgz",
      "integrity": "sha512-gEyri5OniD/w8FhqqbLTq4SCbIgCl/s3rWaYI/jY7fxTmR7m2eKvbfm3RaIM8jdx/01FVAG24ZsvU5BXok/VZw==",
      "requires": {
        "rollup": "^1.9.2"
      }
    },
    "popmotion": {
      "version": "8.6.8",
      "resolved": "https://registry.npmjs.org/popmotion/-/popmotion-8.6.8.tgz",
      "integrity": "sha512-BRzdgEHLqicl18RH2+gev/gVAQsU6OJD2eXii+J8Jabvw//fTNdkKIi+o8YM1cFU2QH+bnAAr0PEC3eiXMPJ1w==",
      "requires": {
        "@popmotion/easing": "^1.0.1",
        "@popmotion/popcorn": "^0.3.6",
        "framesync": "^4.0.0",
        "hey-listen": "^1.0.5",
        "style-value-types": "^3.1.0",
        "stylefire": "2.4.3",
        "tslib": "^1.9.1"
      }
    },
    "rollup": {
      "version": "1.9.3",
      "resolved": "https://registry.npmjs.org/rollup/-/rollup-1.9.3.tgz",
      "integrity": "sha512-20iIOjee5n3H6W6CXsVdYs2xw86j4l+LQLM6yACynt+YJCwkqaYNHAjQ/dhVBIKsFpHwPqHamn/GHq+3Zp8ybQ==",
      "requires": {
        "@types/estree": "0.0.39",
        "@types/node": "^11.13.2",
        "acorn": "^6.1.1"
      }
    },
    "style-value-types": {
      "version": "3.1.0",
      "resolved": "https://registry.npmjs.org/style-value-types/-/style-value-types-3.1.0.tgz",
      "integrity": "sha512-7eaMZ8RKWIQUKHPQK7qv3zLYmvZNb2pCmO4WguXdVFymd2Qj9xqSUoo7LQ8Wd8eiLuoSd+uqzsvcodyvD8nn6Q=="
    },
    "stylefire": {
      "version": "2.4.3",
      "resolved": "https://registry.npmjs.org/stylefire/-/stylefire-2.4.3.tgz",
      "integrity": "sha512-8rckFzuDlVWSyrkmnyTg8avadQavk2t6YkFKUUocsXoj/8NScOjb+/avbB4nrmoPtzD0kN7IyuhKq8jimIBTBQ==",
      "requires": {
        "framesync": "^4.0.0",
        "hey-listen": "^1.0.4",
        "style-value-types": "^3.0.6"
      }
    },
    "tslib": {
      "version": "1.9.3",
      "resolved": "https://registry.npmjs.org/tslib/-/tslib-1.9.3.tgz",
      "integrity": "sha512-4krF8scpejhaOgqzBEcGM7yDIEfi0/8+8zDRZhNZZ2kjmHJ4hv3zCbQWxoJGz1iw5U0Jl0nma13xzHXcncMavQ=="
    }
  }
}
